
Microsoft Visual Studio Solution File, Format Version 12.00
# Visual Studio 15
VisualStudioVersion = 15.0.28010.2003
MinimumVisualStudioVersion = 10.0.40219.1
Project("{FAE04EC0-301F-11D3-BF4B-00C04F79EFBC}") = "P-01. Number in Range 1-100", "P-01. Number in Range 1-100\P-01. Number in Range 1-100.csproj", "{1BFA8133-9534-45EB-B233-E936F0484773}"
EndProject
Project("{FAE04EC0-301F-11D3-BF4B-00C04F79EFBC}") = "P-02. Graduation", "P-02. Graduation\P-02. Graduation.csproj", "{92381E2D-BFE5-4A58-8923-9BC51E692DD8}"
EndProject
Project("{FAE04EC0-301F-11D3-BF4B-00C04F79EFBC}") = "P-03. Graduation pt.2", "P-03. Graduation pt.2\P-03. Graduation pt.2.csproj", "{9F0B58B4-8E08-4DB7-99C0-6A97B2FB7786}"
EndProject
Project("{FAE04EC0-301F-11D3-BF4B-00C04F79EFBC}") = "P-04. Number sequence", "P-04. Number sequence\P-04. Number sequence.csproj", "{CA5B7663-6EAB-4143-91AA-DCAE39177569}"
EndProject
Project("{FAE04EC0-301F-11D3-BF4B-00C04F79EFBC}") = "P-05. Walking", "P-05. Walking\P-05. Walking.csproj", "{5617613D-5BC5-4013-AFA9-FFDCC66EEABF}"
EndProject
Project("{FAE04EC0-301F-11D3-BF4B-00C04F79EFBC}") = "P-06. Account Balance", "P-06. Account Balance\P-06. Account Balance.csproj", "{9B2B9B48-5F48-4204-B696-C5F54212F1D7}"
EndProject
Project("{FAE04EC0-301F-11D3-BF4B-00C04F79EFBC}") = "P-07. Water dispenser", "P-07. Water dispenser\P-07. Water dispenser.csproj", "{6B6F2E5B-3E90-4F05-8AD2-051D7F9B676C}"
EndProject
Project("{FAE04EC0-301F-11D3-BF4B-00C04F79EFBC}") = "P-08. Sequence 2k+1", "P-08. Sequence 2k+1\P-08. Sequence 2k+1.csproj", "{96E068AA-2AB2-4E23-9036-A2A3AE1267B3}"
EndProject
Project("{FAE04EC0-301F-11D3-BF4B-00C04F79EFBC}") = "P-09. Moving", "P-09. Moving\P-09. Moving.csproj", "{CD66E520-5C82-452C-9D58-F40764381D32}"
EndProject
Global
	GlobalSection(SolutionConfigurationPlatforms) = preSolution
		Debug|Any CPU = Debug|Any CPU
		Release|Any CPU = Release|Any CPU
	EndGlobalSection
	GlobalSection(ProjectConfigurationPlatforms) = postSolution
		{1BFA8133-9534-45EB-B233-E936F0484773}.Debug|Any CPU.ActiveCfg = Debug|Any CPU
		{1BFA8133-9534-45EB-B233-E936F0484773}.Debug|Any CPU.Build.0 = Debug|Any CPU
		{1BFA8133-9534-45EB-B233-E936F0484773}.Release|Any CPU.ActiveCfg = Release|Any CPU
		{1BFA8133-9534-45EB-B233-E936F0484773}.Release|Any CPU.Build.0 = Release|Any CPU
		{92381E2D-BFE5-4A58-8923-9BC51E692DD8}.Debug|Any CPU.ActiveCfg = Debug|Any CPU
		{92381E2D-BFE5-4A58-8923-9BC51E692DD8}.Debug|Any CPU.Build.0 = Debug|Any CPU
		{92381E2D-BFE5-4A58-8923-9BC51E692DD8}.Release|Any CPU.ActiveCfg = Release|Any CPU
		{92381E2D-BFE5-4A58-8923-9BC51E692DD8}.Release|Any CPU.Build.0 = Release|Any CPU
		{9F0B58B4-8E08-4DB7-99C0-6A97B2FB7786}.Debug|Any CPU.ActiveCfg = Debug|Any CPU
		{9F0B58B4-8E08-4DB7-99C0-6A97B2FB7786}.Debug|Any CPU.Build.0 = Debug|Any CPU
		{9F0B58B4-8E08-4DB7-99C0-6A97B2FB7786}.Release|Any CPU.ActiveCfg = Release|Any CPU
		{9F0B58B4-8E08-4DB7-99C0-6A97B2FB7786}.Release|Any CPU.Build.0 = Release|Any CPU
		{CA5B7663-6EAB-4143-91AA-DCAE39177569}.Debug|Any CPU.ActiveCfg = Debug|Any CPU
		{CA5B7663-6EAB-4143-91AA-DCAE39177569}.Debug|Any CPU.Build.0 = Debug|Any CPU
		{CA5B7663-6EAB-4143-91AA-DCAE39177569}.Release|Any CPU.ActiveCfg = Release|Any CPU
		{CA5B7663-6EAB-4143-91AA-DCAE39177569}.Release|Any CPU.Build.0 = Release|Any CPU
		{5617613D-5BC5-4013-AFA9-FFDCC66EEABF}.Debug|Any CPU.ActiveCfg = Debug|Any CPU
		{5617613D-5BC5-4013-AFA9-FFDCC66EEABF}.Debug|Any CPU.Build.0 = Debug|Any CPU
		{5617613D-5BC5-4013-AFA9-FFDCC66EEABF}.Release|Any CPU.ActiveCfg = Release|Any CPU
		{5617613D-5BC5-4013-AFA9-FFDCC66EEABF}.Release|Any CPU.Build.0 = Release|Any CPU
		{9B2B9B48-5F48-4204-B696-C5F54212F1D7}.Debug|Any CPU.ActiveCfg = Debug|Any CPU
		{9B2B9B48-5F48-4204-B696-C5F54212F1D7}.Debug|Any CPU.Build.0 = Debug|Any CPU
		{9B2B9B48-5F48-4204-B696-C5F54212F1D7}.Release|Any CPU.ActiveCfg = Release|Any CPU
		{9B2B9B48-5F48-4204-B696-C5F54212F1D7}.Release|Any CPU.Build.0 = Release|Any CPU
		{6B6F2E5B-3E90-4F05-8AD2-051D7F9B676C}.Debug|Any CPU.ActiveCfg = Debug|Any CPU
		{6B6F2E5B-3E90-4F05-8AD2-051D7F9B676C}.Debug|Any CPU.Build.0 = Debug|Any CPU
		{6B6F2E5B-3E90-4F05-8AD2-051D7F9B676C}.Release|Any CPU.ActiveCfg = Release|Any CPU
		{6B6F2E5B-3E90-4F05-8AD2-051D7F9B676C}.Release|Any CPU.Build.0 = Release|Any CPU
		{96E068AA-2AB2-4E23-9036-A2A3AE1267B3}.Debug|Any CPU.ActiveCfg = Debug|Any CPU
		{96E068AA-2AB2-4E23-9036-A2A3AE1267B3}.Debug|Any CPU.Build.0 = Debug|Any CPU
		{96E068AA-2AB2-4E23-9036-A2A3AE1267B3}.Release|Any CPU.ActiveCfg = Release|Any CPU
		{96E068AA-2AB2-4E23-9036-A2A3AE1267B3}.Release|Any CPU.Build.0 = Release|Any CPU
		{CD66E520-5C82-452C-9D58-F40764381D32}.Debug|Any CPU.ActiveCfg = Debug|Any CPU
		{CD66E520-5C82-452C-9D58-F40764381D32}.Debug|Any CPU.Build.0 = Debug|Any CPU
		{CD66E520-5C82-452C-9D58-F40764381D32}.Release|Any CPU.ActiveCfg = Release|Any CPU
		{CD66E520-5C82-452C-9D58-F40764381D32}.Release|Any CPU.Build.0 = Release|Any CPU
	EndGlobalSection
	GlobalSection(SolutionProperties) = preSolution
		HideSolutionNode = FALSE
	EndGlobalSection
	GlobalSection(ExtensibilityGlobals) = postSolution
		SolutionGuid = {6EB0D8D0-B4C3-44D8-90CA-B3F333E62A4D}
	EndGlobalSection
EndGlobal
