
Microsoft Visual Studio Solution File, Format Version 12.00
# Visual Studio Version 17
VisualStudioVersion = 17.0.32112.339
MinimumVisualStudioVersion = 10.0.40219.1
Project("{FAE04EC0-301F-11D3-BF4B-00C04F79EFBC}") = "P-01. Advertisement Message", "P-01. Advertisement Message\P-01. Advertisement Message.csproj", "{684F819E-7F6B-4837-BBB2-558F4120EA1C}"
EndProject
Project("{FAE04EC0-301F-11D3-BF4B-00C04F79EFBC}") = "P-02. Articles", "P-02. Articles\P-02. Articles.csproj", "{84CFD1FB-D0AF-470C-97C0-57BD28895ED7}"
EndProject
Project("{FAE04EC0-301F-11D3-BF4B-00C04F79EFBC}") = "P-03. Articles 2.0", "P-03. Articles 2.0\P-03. Articles 2.0.csproj", "{4E3E2722-5128-4DFB-85D8-515667571B7B}"
EndProject
Project("{FAE04EC0-301F-11D3-BF4B-00C04F79EFBC}") = "P-04. Students", "P-04. Students\P-04. Students.csproj", "{08834644-5929-45F3-BA88-C77480ACBB66}"
EndProject
Project("{FAE04EC0-301F-11D3-BF4B-00C04F79EFBC}") = "P-05. Teamwork Projects", "P-05. Teamwork Projects\P-05. Teamwork Projects.csproj", "{D3E212BB-61AB-4FAC-99A8-099299BA2E94}"
EndProject
Project("{FAE04EC0-301F-11D3-BF4B-00C04F79EFBC}") = "P-06. Vehicle Catalogue", "P-06. Vehicle Catalogue\P-06. Vehicle Catalogue.csproj", "{BC283923-7D3E-4701-85A5-AD37427BC860}"
EndProject
Project("{FAE04EC0-301F-11D3-BF4B-00C04F79EFBC}") = "P-07. Order by Age", "P-07. Order by Age\P-07. Order by Age.csproj", "{9AE8A9D0-C886-4DFE-B107-39CC1BE2BBCA}"
EndProject
Global
	GlobalSection(SolutionConfigurationPlatforms) = preSolution
		Debug|Any CPU = Debug|Any CPU
		Release|Any CPU = Release|Any CPU
	EndGlobalSection
	GlobalSection(ProjectConfigurationPlatforms) = postSolution
		{684F819E-7F6B-4837-BBB2-558F4120EA1C}.Debug|Any CPU.ActiveCfg = Debug|Any CPU
		{684F819E-7F6B-4837-BBB2-558F4120EA1C}.Debug|Any CPU.Build.0 = Debug|Any CPU
		{684F819E-7F6B-4837-BBB2-558F4120EA1C}.Release|Any CPU.ActiveCfg = Release|Any CPU
		{684F819E-7F6B-4837-BBB2-558F4120EA1C}.Release|Any CPU.Build.0 = Release|Any CPU
		{84CFD1FB-D0AF-470C-97C0-57BD28895ED7}.Debug|Any CPU.ActiveCfg = Debug|Any CPU
		{84CFD1FB-D0AF-470C-97C0-57BD28895ED7}.Debug|Any CPU.Build.0 = Debug|Any CPU
		{84CFD1FB-D0AF-470C-97C0-57BD28895ED7}.Release|Any CPU.ActiveCfg = Release|Any CPU
		{84CFD1FB-D0AF-470C-97C0-57BD28895ED7}.Release|Any CPU.Build.0 = Release|Any CPU
		{4E3E2722-5128-4DFB-85D8-515667571B7B}.Debug|Any CPU.ActiveCfg = Debug|Any CPU
		{4E3E2722-5128-4DFB-85D8-515667571B7B}.Debug|Any CPU.Build.0 = Debug|Any CPU
		{4E3E2722-5128-4DFB-85D8-515667571B7B}.Release|Any CPU.ActiveCfg = Release|Any CPU
		{4E3E2722-5128-4DFB-85D8-515667571B7B}.Release|Any CPU.Build.0 = Release|Any CPU
		{08834644-5929-45F3-BA88-C77480ACBB66}.Debug|Any CPU.ActiveCfg = Debug|Any CPU
		{08834644-5929-45F3-BA88-C77480ACBB66}.Debug|Any CPU.Build.0 = Debug|Any CPU
		{08834644-5929-45F3-BA88-C77480ACBB66}.Release|Any CPU.ActiveCfg = Release|Any CPU
		{08834644-5929-45F3-BA88-C77480ACBB66}.Release|Any CPU.Build.0 = Release|Any CPU
		{D3E212BB-61AB-4FAC-99A8-099299BA2E94}.Debug|Any CPU.ActiveCfg = Debug|Any CPU
		{D3E212BB-61AB-4FAC-99A8-099299BA2E94}.Debug|Any CPU.Build.0 = Debug|Any CPU
		{D3E212BB-61AB-4FAC-99A8-099299BA2E94}.Release|Any CPU.ActiveCfg = Release|Any CPU
		{D3E212BB-61AB-4FAC-99A8-099299BA2E94}.Release|Any CPU.Build.0 = Release|Any CPU
		{BC283923-7D3E-4701-85A5-AD37427BC860}.Debug|Any CPU.ActiveCfg = Debug|Any CPU
		{BC283923-7D3E-4701-85A5-AD37427BC860}.Debug|Any CPU.Build.0 = Debug|Any CPU
		{BC283923-7D3E-4701-85A5-AD37427BC860}.Release|Any CPU.ActiveCfg = Release|Any CPU
		{BC283923-7D3E-4701-85A5-AD37427BC860}.Release|Any CPU.Build.0 = Release|Any CPU
		{9AE8A9D0-C886-4DFE-B107-39CC1BE2BBCA}.Debug|Any CPU.ActiveCfg = Debug|Any CPU
		{9AE8A9D0-C886-4DFE-B107-39CC1BE2BBCA}.Debug|Any CPU.Build.0 = Debug|Any CPU
		{9AE8A9D0-C886-4DFE-B107-39CC1BE2BBCA}.Release|Any CPU.ActiveCfg = Release|Any CPU
		{9AE8A9D0-C886-4DFE-B107-39CC1BE2BBCA}.Release|Any CPU.Build.0 = Release|Any CPU
	EndGlobalSection
	GlobalSection(SolutionProperties) = preSolution
		HideSolutionNode = FALSE
	EndGlobalSection
	GlobalSection(ExtensibilityGlobals) = postSolution
		SolutionGuid = {0FB9059C-BE7C-47AB-9B13-08DBF3A84841}
	EndGlobalSection
EndGlobal
