
Microsoft Visual Studio Solution File, Format Version 12.00
# Visual Studio 15
VisualStudioVersion = 15.0.28010.2003
MinimumVisualStudioVersion = 10.0.40219.1
Project("{FAE04EC0-301F-11D3-BF4B-00C04F79EFBC}") = "P-01. 2D Rectangle Area", "P-01. 2D Rectangle Area\P-01. 2D Rectangle Area.csproj", "{C76C6563-C1B9-485A-9949-FEA6ED696960}"
EndProject
Project("{FAE04EC0-301F-11D3-BF4B-00C04F79EFBC}") = "P-02. USD to BGN", "P-02. USD to BGN\P-02. USD to BGN.csproj", "{E136926D-17AC-4955-B5D3-C2039CD2BDAF}"
EndProject
Project("{FAE04EC0-301F-11D3-BF4B-00C04F79EFBC}") = "P-04. Tailoring Workshop", "P-04. Tailoring Workshop\P-04. Tailoring Workshop.csproj", "{7257FE81-FE59-4AD7-A8BC-5B6F05418FC9}"
EndProject
Project("{FAE04EC0-301F-11D3-BF4B-00C04F79EFBC}") = "P-05. Dance Hall", "P-05. Dance Hall\P-05. Dance Hall.csproj", "{0417C467-3F0D-4BD7-AE57-E5EDEB2F0F5F}"
EndProject
Project("{FAE04EC0-301F-11D3-BF4B-00C04F79EFBC}") = "P-06. Charity Campaign", "P-06. Charity Campaign\P-06. Charity Campaign.csproj", "{2DB4B9F4-839A-4D96-9CD1-09DA21A5166E}"
EndProject
Project("{FAE04EC0-301F-11D3-BF4B-00C04F79EFBC}") = "P-07. Alcohol Market", "P-07. Alcohol Market\P-07. Alcohol Market.csproj", "{8EF1D4C2-6802-4BE6-8E93-17E13B88B4D0}"
EndProject
Global
	GlobalSection(SolutionConfigurationPlatforms) = preSolution
		Debug|Any CPU = Debug|Any CPU
		Release|Any CPU = Release|Any CPU
	EndGlobalSection
	GlobalSection(ProjectConfigurationPlatforms) = postSolution
		{C76C6563-C1B9-485A-9949-FEA6ED696960}.Debug|Any CPU.ActiveCfg = Debug|Any CPU
		{C76C6563-C1B9-485A-9949-FEA6ED696960}.Debug|Any CPU.Build.0 = Debug|Any CPU
		{C76C6563-C1B9-485A-9949-FEA6ED696960}.Release|Any CPU.ActiveCfg = Release|Any CPU
		{C76C6563-C1B9-485A-9949-FEA6ED696960}.Release|Any CPU.Build.0 = Release|Any CPU
		{E136926D-17AC-4955-B5D3-C2039CD2BDAF}.Debug|Any CPU.ActiveCfg = Debug|Any CPU
		{E136926D-17AC-4955-B5D3-C2039CD2BDAF}.Debug|Any CPU.Build.0 = Debug|Any CPU
		{E136926D-17AC-4955-B5D3-C2039CD2BDAF}.Release|Any CPU.ActiveCfg = Release|Any CPU
		{E136926D-17AC-4955-B5D3-C2039CD2BDAF}.Release|Any CPU.Build.0 = Release|Any CPU
		{7257FE81-FE59-4AD7-A8BC-5B6F05418FC9}.Debug|Any CPU.ActiveCfg = Debug|Any CPU
		{7257FE81-FE59-4AD7-A8BC-5B6F05418FC9}.Debug|Any CPU.Build.0 = Debug|Any CPU
		{7257FE81-FE59-4AD7-A8BC-5B6F05418FC9}.Release|Any CPU.ActiveCfg = Release|Any CPU
		{7257FE81-FE59-4AD7-A8BC-5B6F05418FC9}.Release|Any CPU.Build.0 = Release|Any CPU
		{0417C467-3F0D-4BD7-AE57-E5EDEB2F0F5F}.Debug|Any CPU.ActiveCfg = Debug|Any CPU
		{0417C467-3F0D-4BD7-AE57-E5EDEB2F0F5F}.Debug|Any CPU.Build.0 = Debug|Any CPU
		{0417C467-3F0D-4BD7-AE57-E5EDEB2F0F5F}.Release|Any CPU.ActiveCfg = Release|Any CPU
		{0417C467-3F0D-4BD7-AE57-E5EDEB2F0F5F}.Release|Any CPU.Build.0 = Release|Any CPU
		{2DB4B9F4-839A-4D96-9CD1-09DA21A5166E}.Debug|Any CPU.ActiveCfg = Debug|Any CPU
		{2DB4B9F4-839A-4D96-9CD1-09DA21A5166E}.Debug|Any CPU.Build.0 = Debug|Any CPU
		{2DB4B9F4-839A-4D96-9CD1-09DA21A5166E}.Release|Any CPU.ActiveCfg = Release|Any CPU
		{2DB4B9F4-839A-4D96-9CD1-09DA21A5166E}.Release|Any CPU.Build.0 = Release|Any CPU
		{8EF1D4C2-6802-4BE6-8E93-17E13B88B4D0}.Debug|Any CPU.ActiveCfg = Debug|Any CPU
		{8EF1D4C2-6802-4BE6-8E93-17E13B88B4D0}.Debug|Any CPU.Build.0 = Debug|Any CPU
		{8EF1D4C2-6802-4BE6-8E93-17E13B88B4D0}.Release|Any CPU.ActiveCfg = Release|Any CPU
		{8EF1D4C2-6802-4BE6-8E93-17E13B88B4D0}.Release|Any CPU.Build.0 = Release|Any CPU
	EndGlobalSection
	GlobalSection(SolutionProperties) = preSolution
		HideSolutionNode = FALSE
	EndGlobalSection
	GlobalSection(ExtensibilityGlobals) = postSolution
		SolutionGuid = {8B9F73BF-95A2-40F7-BC8D-166F70C44CC9}
	EndGlobalSection
EndGlobal
