
Microsoft Visual Studio Solution File, Format Version 12.00
# Visual Studio Version 17
VisualStudioVersion = 17.0.32112.339
MinimumVisualStudioVersion = 10.0.40219.1
Project("{FAE04EC0-301F-11D3-BF4B-00C04F79EFBC}") = "P-01. Computer Store", "P-01. Computer Store\P-01. Computer Store.csproj", "{9843AFE7-749D-475F-BB52-AE631D9AC768}"
EndProject
Project("{FAE04EC0-301F-11D3-BF4B-00C04F79EFBC}") = "P-02. Shoot for the Win", "P-02. Shoot for the Win\P-02. Shoot for the Win.csproj", "{B54F54FC-861C-4842-8E77-6D03D5EF5530}"
EndProject
Project("{FAE04EC0-301F-11D3-BF4B-00C04F79EFBC}") = "P-03. Memory Game", "P-03. Memory Game\P-03. Memory Game.csproj", "{FE9A9220-9BBE-44F9-9BD3-9A20AD40FF13}"
EndProject
Global
	GlobalSection(SolutionConfigurationPlatforms) = preSolution
		Debug|Any CPU = Debug|Any CPU
		Release|Any CPU = Release|Any CPU
	EndGlobalSection
	GlobalSection(ProjectConfigurationPlatforms) = postSolution
		{9843AFE7-749D-475F-BB52-AE631D9AC768}.Debug|Any CPU.ActiveCfg = Debug|Any CPU
		{9843AFE7-749D-475F-BB52-AE631D9AC768}.Debug|Any CPU.Build.0 = Debug|Any CPU
		{9843AFE7-749D-475F-BB52-AE631D9AC768}.Release|Any CPU.ActiveCfg = Release|Any CPU
		{9843AFE7-749D-475F-BB52-AE631D9AC768}.Release|Any CPU.Build.0 = Release|Any CPU
		{B54F54FC-861C-4842-8E77-6D03D5EF5530}.Debug|Any CPU.ActiveCfg = Debug|Any CPU
		{B54F54FC-861C-4842-8E77-6D03D5EF5530}.Debug|Any CPU.Build.0 = Debug|Any CPU
		{B54F54FC-861C-4842-8E77-6D03D5EF5530}.Release|Any CPU.ActiveCfg = Release|Any CPU
		{B54F54FC-861C-4842-8E77-6D03D5EF5530}.Release|Any CPU.Build.0 = Release|Any CPU
		{FE9A9220-9BBE-44F9-9BD3-9A20AD40FF13}.Debug|Any CPU.ActiveCfg = Debug|Any CPU
		{FE9A9220-9BBE-44F9-9BD3-9A20AD40FF13}.Debug|Any CPU.Build.0 = Debug|Any CPU
		{FE9A9220-9BBE-44F9-9BD3-9A20AD40FF13}.Release|Any CPU.ActiveCfg = Release|Any CPU
		{FE9A9220-9BBE-44F9-9BD3-9A20AD40FF13}.Release|Any CPU.Build.0 = Release|Any CPU
	EndGlobalSection
	GlobalSection(SolutionProperties) = preSolution
		HideSolutionNode = FALSE
	EndGlobalSection
	GlobalSection(ExtensibilityGlobals) = postSolution
		SolutionGuid = {0C021230-F3CF-4A52-97E4-F6D802FAC11C}
	EndGlobalSection
EndGlobal
