
Microsoft Visual Studio Solution File, Format Version 12.00
# Visual Studio Version 17
VisualStudioVersion = 17.0.32112.339
MinimumVisualStudioVersion = 10.0.40219.1
Project("{9A19103F-16F7-4668-BE54-9A1E7A4F7556}") = "P-01. Ages", "P-01. Ages\P-01. Ages.csproj", "{E639791C-2EFE-4EA1-BCD1-CA8773D95D33}"
EndProject
Project("{9A19103F-16F7-4668-BE54-9A1E7A4F7556}") = "P-02. Division", "P-02. Division\P-02. Division.csproj", "{208B30EF-7521-41D0-8499-54EA57CDA48A}"
EndProject
Project("{9A19103F-16F7-4668-BE54-9A1E7A4F7556}") = "P-03. Vacation", "P-03. Vacation\P-03. Vacation.csproj", "{8A64421E-905B-42BF-9BF2-7AB333AF5D45}"
EndProject
Project("{9A19103F-16F7-4668-BE54-9A1E7A4F7556}") = "P-04. Print and Sum", "P-04. Print and Sum\P-04. Print and Sum.csproj", "{B0CEFF71-ACC6-4003-A85B-8E58FA832C55}"
EndProject
Project("{9A19103F-16F7-4668-BE54-9A1E7A4F7556}") = "P-05. Login", "P-05. Login\P-05. Login.csproj", "{D18524D1-93ED-4C07-A31B-BB9D8A206C8D}"
EndProject
Project("{9A19103F-16F7-4668-BE54-9A1E7A4F7556}") = "P-06. Strong number", "P-06. Strong number\P-06. Strong number.csproj", "{C29BD324-CA76-4319-9763-01F5772C7390}"
EndProject
Project("{9A19103F-16F7-4668-BE54-9A1E7A4F7556}") = "P-07. Vending Machine", "P-07. Vending Machine\P-07. Vending Machine.csproj", "{710E05AE-13AE-404E-B38A-8B5BA42BC5F3}"
EndProject
Project("{9A19103F-16F7-4668-BE54-9A1E7A4F7556}") = "P-08. Triangle of Numbers", "P-08. Triangle of Numbers\P-08. Triangle of Numbers.csproj", "{6F80E7CC-F7C4-4155-BBCB-8296EDDB628B}"
EndProject
Project("{9A19103F-16F7-4668-BE54-9A1E7A4F7556}") = "P-09. Padawan Equipment", "P-09. Padawan Equipment\P-09. Padawan Equipment.csproj", "{7D082C45-8C95-46B3-8563-C6917F619EE4}"
EndProject
Project("{FAE04EC0-301F-11D3-BF4B-00C04F79EFBC}") = "P-10. Rage Expenses", "P-10. Rage Expenses\P-10. Rage Expenses.csproj", "{8AB02303-D01D-486A-B015-17C937D9EE71}"
EndProject
Project("{FAE04EC0-301F-11D3-BF4B-00C04F79EFBC}") = "P-11. Orders", "P-11. Orders\P-11. Orders.csproj", "{4CC8D4E1-D82D-4C83-ACF3-62C4D37460E3}"
EndProject
Global
	GlobalSection(SolutionConfigurationPlatforms) = preSolution
		Debug|Any CPU = Debug|Any CPU
		Release|Any CPU = Release|Any CPU
	EndGlobalSection
	GlobalSection(ProjectConfigurationPlatforms) = postSolution
		{E639791C-2EFE-4EA1-BCD1-CA8773D95D33}.Debug|Any CPU.ActiveCfg = Debug|Any CPU
		{E639791C-2EFE-4EA1-BCD1-CA8773D95D33}.Debug|Any CPU.Build.0 = Debug|Any CPU
		{E639791C-2EFE-4EA1-BCD1-CA8773D95D33}.Release|Any CPU.ActiveCfg = Release|Any CPU
		{E639791C-2EFE-4EA1-BCD1-CA8773D95D33}.Release|Any CPU.Build.0 = Release|Any CPU
		{208B30EF-7521-41D0-8499-54EA57CDA48A}.Debug|Any CPU.ActiveCfg = Debug|Any CPU
		{208B30EF-7521-41D0-8499-54EA57CDA48A}.Debug|Any CPU.Build.0 = Debug|Any CPU
		{208B30EF-7521-41D0-8499-54EA57CDA48A}.Release|Any CPU.ActiveCfg = Release|Any CPU
		{208B30EF-7521-41D0-8499-54EA57CDA48A}.Release|Any CPU.Build.0 = Release|Any CPU
		{8A64421E-905B-42BF-9BF2-7AB333AF5D45}.Debug|Any CPU.ActiveCfg = Debug|Any CPU
		{8A64421E-905B-42BF-9BF2-7AB333AF5D45}.Debug|Any CPU.Build.0 = Debug|Any CPU
		{8A64421E-905B-42BF-9BF2-7AB333AF5D45}.Release|Any CPU.ActiveCfg = Release|Any CPU
		{8A64421E-905B-42BF-9BF2-7AB333AF5D45}.Release|Any CPU.Build.0 = Release|Any CPU
		{B0CEFF71-ACC6-4003-A85B-8E58FA832C55}.Debug|Any CPU.ActiveCfg = Debug|Any CPU
		{B0CEFF71-ACC6-4003-A85B-8E58FA832C55}.Debug|Any CPU.Build.0 = Debug|Any CPU
		{B0CEFF71-ACC6-4003-A85B-8E58FA832C55}.Release|Any CPU.ActiveCfg = Release|Any CPU
		{B0CEFF71-ACC6-4003-A85B-8E58FA832C55}.Release|Any CPU.Build.0 = Release|Any CPU
		{D18524D1-93ED-4C07-A31B-BB9D8A206C8D}.Debug|Any CPU.ActiveCfg = Debug|Any CPU
		{D18524D1-93ED-4C07-A31B-BB9D8A206C8D}.Debug|Any CPU.Build.0 = Debug|Any CPU
		{D18524D1-93ED-4C07-A31B-BB9D8A206C8D}.Release|Any CPU.ActiveCfg = Release|Any CPU
		{D18524D1-93ED-4C07-A31B-BB9D8A206C8D}.Release|Any CPU.Build.0 = Release|Any CPU
		{C29BD324-CA76-4319-9763-01F5772C7390}.Debug|Any CPU.ActiveCfg = Debug|Any CPU
		{C29BD324-CA76-4319-9763-01F5772C7390}.Debug|Any CPU.Build.0 = Debug|Any CPU
		{C29BD324-CA76-4319-9763-01F5772C7390}.Release|Any CPU.ActiveCfg = Release|Any CPU
		{C29BD324-CA76-4319-9763-01F5772C7390}.Release|Any CPU.Build.0 = Release|Any CPU
		{710E05AE-13AE-404E-B38A-8B5BA42BC5F3}.Debug|Any CPU.ActiveCfg = Debug|Any CPU
		{710E05AE-13AE-404E-B38A-8B5BA42BC5F3}.Debug|Any CPU.Build.0 = Debug|Any CPU
		{710E05AE-13AE-404E-B38A-8B5BA42BC5F3}.Release|Any CPU.ActiveCfg = Release|Any CPU
		{710E05AE-13AE-404E-B38A-8B5BA42BC5F3}.Release|Any CPU.Build.0 = Release|Any CPU
		{6F80E7CC-F7C4-4155-BBCB-8296EDDB628B}.Debug|Any CPU.ActiveCfg = Debug|Any CPU
		{6F80E7CC-F7C4-4155-BBCB-8296EDDB628B}.Debug|Any CPU.Build.0 = Debug|Any CPU
		{6F80E7CC-F7C4-4155-BBCB-8296EDDB628B}.Release|Any CPU.ActiveCfg = Release|Any CPU
		{6F80E7CC-F7C4-4155-BBCB-8296EDDB628B}.Release|Any CPU.Build.0 = Release|Any CPU
		{7D082C45-8C95-46B3-8563-C6917F619EE4}.Debug|Any CPU.ActiveCfg = Debug|Any CPU
		{7D082C45-8C95-46B3-8563-C6917F619EE4}.Debug|Any CPU.Build.0 = Debug|Any CPU
		{7D082C45-8C95-46B3-8563-C6917F619EE4}.Release|Any CPU.ActiveCfg = Release|Any CPU
		{7D082C45-8C95-46B3-8563-C6917F619EE4}.Release|Any CPU.Build.0 = Release|Any CPU
		{8AB02303-D01D-486A-B015-17C937D9EE71}.Debug|Any CPU.ActiveCfg = Debug|Any CPU
		{8AB02303-D01D-486A-B015-17C937D9EE71}.Debug|Any CPU.Build.0 = Debug|Any CPU
		{8AB02303-D01D-486A-B015-17C937D9EE71}.Release|Any CPU.ActiveCfg = Release|Any CPU
		{8AB02303-D01D-486A-B015-17C937D9EE71}.Release|Any CPU.Build.0 = Release|Any CPU
		{4CC8D4E1-D82D-4C83-ACF3-62C4D37460E3}.Debug|Any CPU.ActiveCfg = Debug|Any CPU
		{4CC8D4E1-D82D-4C83-ACF3-62C4D37460E3}.Debug|Any CPU.Build.0 = Debug|Any CPU
		{4CC8D4E1-D82D-4C83-ACF3-62C4D37460E3}.Release|Any CPU.ActiveCfg = Release|Any CPU
		{4CC8D4E1-D82D-4C83-ACF3-62C4D37460E3}.Release|Any CPU.Build.0 = Release|Any CPU
	EndGlobalSection
	GlobalSection(SolutionProperties) = preSolution
		HideSolutionNode = FALSE
	EndGlobalSection
	GlobalSection(ExtensibilityGlobals) = postSolution
		SolutionGuid = {ADB5675A-C07B-4AB7-B24A-2432B4030209}
	EndGlobalSection
EndGlobal
