
Microsoft Visual Studio Solution File, Format Version 12.00
# Visual Studio 15
VisualStudioVersion = 15.0.28010.2003
MinimumVisualStudioVersion = 10.0.40219.1
Project("{FAE04EC0-301F-11D3-BF4B-00C04F79EFBC}") = "P-01. Hello SoftUni", "P-01. Hello SoftUni\P-01. Hello SoftUni.csproj", "{7469AFFC-EBCE-482E-9D2B-433CD7C1FA5F}"
EndProject
Project("{FAE04EC0-301F-11D3-BF4B-00C04F79EFBC}") = "P-02. Expression", "P-02. Expression\P-02. Expression.csproj", "{A3D26E79-47DB-49F9-AA1A-775C8531818C}"
EndProject
Project("{FAE04EC0-301F-11D3-BF4B-00C04F79EFBC}") = "P-03. Nums 1-20", "P-03. Nums 1-20\P-03. Nums 1-20.csproj", "{F2F5EA0E-28BD-4111-8867-2D23688D7C24}"
EndProject
Project("{FAE04EC0-301F-11D3-BF4B-00C04F79EFBC}") = "P-04. Rectangle Area", "P-04. Rectangle Area\P-04. Rectangle Area.csproj", "{CD574E7A-9491-46E6-9941-A926F01633AA}"
EndProject
Global
	GlobalSection(SolutionConfigurationPlatforms) = preSolution
		Debug|Any CPU = Debug|Any CPU
		Release|Any CPU = Release|Any CPU
	EndGlobalSection
	GlobalSection(ProjectConfigurationPlatforms) = postSolution
		{7469AFFC-EBCE-482E-9D2B-433CD7C1FA5F}.Debug|Any CPU.ActiveCfg = Debug|Any CPU
		{7469AFFC-EBCE-482E-9D2B-433CD7C1FA5F}.Debug|Any CPU.Build.0 = Debug|Any CPU
		{7469AFFC-EBCE-482E-9D2B-433CD7C1FA5F}.Release|Any CPU.ActiveCfg = Release|Any CPU
		{7469AFFC-EBCE-482E-9D2B-433CD7C1FA5F}.Release|Any CPU.Build.0 = Release|Any CPU
		{A3D26E79-47DB-49F9-AA1A-775C8531818C}.Debug|Any CPU.ActiveCfg = Debug|Any CPU
		{A3D26E79-47DB-49F9-AA1A-775C8531818C}.Debug|Any CPU.Build.0 = Debug|Any CPU
		{A3D26E79-47DB-49F9-AA1A-775C8531818C}.Release|Any CPU.ActiveCfg = Release|Any CPU
		{A3D26E79-47DB-49F9-AA1A-775C8531818C}.Release|Any CPU.Build.0 = Release|Any CPU
		{F2F5EA0E-28BD-4111-8867-2D23688D7C24}.Debug|Any CPU.ActiveCfg = Debug|Any CPU
		{F2F5EA0E-28BD-4111-8867-2D23688D7C24}.Debug|Any CPU.Build.0 = Debug|Any CPU
		{F2F5EA0E-28BD-4111-8867-2D23688D7C24}.Release|Any CPU.ActiveCfg = Release|Any CPU
		{F2F5EA0E-28BD-4111-8867-2D23688D7C24}.Release|Any CPU.Build.0 = Release|Any CPU
		{CD574E7A-9491-46E6-9941-A926F01633AA}.Debug|Any CPU.ActiveCfg = Debug|Any CPU
		{CD574E7A-9491-46E6-9941-A926F01633AA}.Debug|Any CPU.Build.0 = Debug|Any CPU
		{CD574E7A-9491-46E6-9941-A926F01633AA}.Release|Any CPU.ActiveCfg = Release|Any CPU
		{CD574E7A-9491-46E6-9941-A926F01633AA}.Release|Any CPU.Build.0 = Release|Any CPU
	EndGlobalSection
	GlobalSection(SolutionProperties) = preSolution
		HideSolutionNode = FALSE
	EndGlobalSection
	GlobalSection(ExtensibilityGlobals) = postSolution
		SolutionGuid = {D9BB2C6D-E219-402A-910D-ED6D717A127D}
	EndGlobalSection
EndGlobal
